
Microsoft Visual Studio Solution File, Format Version 12.00
# Visual Studio Version 17
VisualStudioVersion = 17.9.34701.34
MinimumVisualStudioVersion = 10.0.40219.1
Project("{FAE04EC0-301F-11D3-BF4B-00C04F79EFBC}") = "TestConsole", "TestConsole\TestConsole.csproj", "{59E60F8A-3243-4F95-8DFC-1B2E55BDB71C}"
EndProject
Project("{FAE04EC0-301F-11D3-BF4B-00C04F79EFBC}") = "TestProject", "TestProject\TestProject.csproj", "{DDF4C113-7EBC-4AE5-99D0-0232CAA293C1}"
EndProject
Global
	GlobalSection(SolutionConfigurationPlatforms) = preSolution
		Debug|Any CPU = Debug|Any CPU
		Release|Any CPU = Release|Any CPU
	EndGlobalSection
	GlobalSection(ProjectConfigurationPlatforms) = postSolution
		{59E60F8A-3243-4F95-8DFC-1B2E55BDB71C}.Debug|Any CPU.ActiveCfg = Debug|Any CPU
		{59E60F8A-3243-4F95-8DFC-1B2E55BDB71C}.Debug|Any CPU.Build.0 = Debug|Any CPU
		{59E60F8A-3243-4F95-8DFC-1B2E55BDB71C}.Release|Any CPU.ActiveCfg = Release|Any CPU
		{59E60F8A-3243-4F95-8DFC-1B2E55BDB71C}.Release|Any CPU.Build.0 = Release|Any CPU
		{DDF4C113-7EBC-4AE5-99D0-0232CAA293C1}.Debug|Any CPU.ActiveCfg = Debug|Any CPU
		{DDF4C113-7EBC-4AE5-99D0-0232CAA293C1}.Debug|Any CPU.Build.0 = Debug|Any CPU
		{DDF4C113-7EBC-4AE5-99D0-0232CAA293C1}.Release|Any CPU.ActiveCfg = Release|Any CPU
		{DDF4C113-7EBC-4AE5-99D0-0232CAA293C1}.Release|Any CPU.Build.0 = Release|Any CPU
	EndGlobalSection
	GlobalSection(SolutionProperties) = preSolution
		HideSolutionNode = FALSE
	EndGlobalSection
	GlobalSection(ExtensibilityGlobals) = postSolution
		SolutionGuid = {C32C8BCE-4907-44D8-B807-4850395AEF49}
	EndGlobalSection
EndGlobal
